github.com/Tryanks/go-accessoryhid v0.0.0-20240225051052-d9ed29fa4f0d h1:r016JPBDAtEdA47YfpYKONHKX83oylVaC78AuTIoIcs=
github.com/Tryanks/go-accessoryhid v0.0.0-20240225051052-d9ed29fa4f0d/go.mod h1:dRZQgjEgAY51keTzdS7UFFUKq2eUyI3XmtgSsD8etJg=
github.com/google/gousb v1.1.3 h1:xt6M5TDsGSZ+rlomz5Si5Hmd/Fvbmo2YCJHN+yGaK4o=
github.com/google/gousb v1.1.3/go.mod h1:GGWUkK0gAXDzxhwrzetW592aOmkkqSGcj5KLEgmCVUg=
